
Microsoft Visual Studio Solution File, Format Version 12.00
# Visual Studio 15
VisualStudioVersion = 15.0.28307.168
MinimumVisualStudioVersion = 10.0.40219.1
Project("{FAE04EC0-301F-11D3-BF4B-00C04F79EFBC}") = "TEST_API", "TEST_API\TEST_API.csproj", "{40C15F80-D91A-4602-A1BC-4397C9DA29BE}"
EndProject
Project("{FAE04EC0-301F-11D3-BF4B-00C04F79EFBC}") = "Excel Console", "Excel Console\Excel Console.csproj", "{C6D600CB-55AF-48C5-963F-E19784784022}"
EndProject
Global
	GlobalSection(SolutionConfigurationPlatforms) = preSolution
		Debug|Any CPU = Debug|Any CPU
		Release|Any CPU = Release|Any CPU
	EndGlobalSection
	GlobalSection(ProjectConfigurationPlatforms) = postSolution
		{40C15F80-D91A-4602-A1BC-4397C9DA29BE}.Debug|Any CPU.ActiveCfg = Debug|Any CPU
		{40C15F80-D91A-4602-A1BC-4397C9DA29BE}.Debug|Any CPU.Build.0 = Debug|Any CPU
		{40C15F80-D91A-4602-A1BC-4397C9DA29BE}.Release|Any CPU.ActiveCfg = Release|Any CPU
		{40C15F80-D91A-4602-A1BC-4397C9DA29BE}.Release|Any CPU.Build.0 = Release|Any CPU
		{C6D600CB-55AF-48C5-963F-E19784784022}.Debug|Any CPU.ActiveCfg = Debug|Any CPU
		{C6D600CB-55AF-48C5-963F-E19784784022}.Debug|Any CPU.Build.0 = Debug|Any CPU
		{C6D600CB-55AF-48C5-963F-E19784784022}.Release|Any CPU.ActiveCfg = Release|Any CPU
		{C6D600CB-55AF-48C5-963F-E19784784022}.Release|Any CPU.Build.0 = Release|Any CPU
	EndGlobalSection
	GlobalSection(SolutionProperties) = preSolution
		HideSolutionNode = FALSE
	EndGlobalSection
	GlobalSection(ExtensibilityGlobals) = postSolution
		SolutionGuid = {A23A9B0F-91E3-4E86-A015-40BC26642B3B}
	EndGlobalSection
EndGlobal
